
Microsoft Visual Studio Solution File, Format Version 12.00
# Visual Studio Version 17
VisualStudioVersion = 17.4.33213.308
MinimumVisualStudioVersion = 10.0.40219.1
Project("{FAE04EC0-301F-11D3-BF4B-00C04F79EFBC}") = "Overloading_Methods_Task", "Overloading_Methods_Task.csproj", "{EA30F905-E041-4D5F-AE14-3EC2011EC472}"
EndProject
Global
	GlobalSection(SolutionConfigurationPlatforms) = preSolution
		Debug|Any CPU = Debug|Any CPU
		Release|Any CPU = Release|Any CPU
	EndGlobalSection
	GlobalSection(ProjectConfigurationPlatforms) = postSolution
		{EA30F905-E041-4D5F-AE14-3EC2011EC472}.Debug|Any CPU.ActiveCfg = Debug|Any CPU
		{EA30F905-E041-4D5F-AE14-3EC2011EC472}.Debug|Any CPU.Build.0 = Debug|Any CPU
		{EA30F905-E041-4D5F-AE14-3EC2011EC472}.Release|Any CPU.ActiveCfg = Release|Any CPU
		{EA30F905-E041-4D5F-AE14-3EC2011EC472}.Release|Any CPU.Build.0 = Release|Any CPU
	EndGlobalSection
	GlobalSection(SolutionProperties) = preSolution
		HideSolutionNode = FALSE
	EndGlobalSection
	GlobalSection(ExtensibilityGlobals) = postSolution
		SolutionGuid = {D5E6EC5D-2132-47FF-A1C1-C17476CF8751}
	EndGlobalSection
EndGlobal
